
Microsoft Visual Studio Solution File, Format Version 12.00
# Visual Studio Version 17
VisualStudioVersion = 17.14.37614.0
MinimumVisualStudioVersion = 10.0.40219.1
Project("{FAE04EC0-301F-11D3-BF4B-00C04F79EFBC}") = "webdemo", "webdemo\webdemo.csproj", "{3F062B17-F2AB-4442-9B58-C3B9E2080311}"
EndProject
Global
	GlobalSection(SolutionConfigurationPlatforms) = preSolution
		Debug|Any CPU = Debug|Any CPU
		Release|Any CPU = Release|Any CPU
	EndGlobalSection
	GlobalSection(ProjectConfigurationPlatforms) = postSolution
		{3F062B17-F2AB-4442-9B58-C3B9E2080311}.Debug|Any CPU.ActiveCfg = Debug|Any CPU
		{3F062B17-F2AB-4442-9B58-C3B9E2080311}.Debug|Any CPU.Build.0 = Debug|Any CPU
		{3F062B17-F2AB-4442-9B58-C3B9E2080311}.Release|Any CPU.ActiveCfg = Release|Any CPU
		{3F062B17-F2AB-4442-9B58-C3B9E2080311}.Release|Any CPU.Build.0 = Release|Any CPU
	EndGlobalSection
	GlobalSection(SolutionProperties) = preSolution
		HideSolutionNode = FALSE
	EndGlobalSection
	GlobalSection(ExtensibilityGlobals) = postSolution
		SolutionGuid = {28D325CB-080F-4982-B142-EB52E451C89A}
	EndGlobalSection
EndGlobal
